
Microsoft Visual Studio Solution File, Format Version 12.00
# Visual Studio 15
VisualStudioVersion = 15.0.33026.149
MinimumVisualStudioVersion = 10.0.40219.1
Project("{FAE04EC0-301F-11D3-BF4B-00C04F79EFBC}") = "SpearmasterPearlStorage", "SpearmasterPearlStorage\SpearmasterPearlStorage.csproj", "{ED923607-5009-42FA-80FB-D64A24186E36}"
EndProject
Global
	GlobalSection(SolutionConfigurationPlatforms) = preSolution
		Debug|Any CPU = Debug|Any CPU
		Release|Any CPU = Release|Any CPU
	EndGlobalSection
	GlobalSection(ProjectConfigurationPlatforms) = postSolution
		{ED923607-5009-42FA-80FB-D64A24186E36}.Debug|Any CPU.ActiveCfg = Debug|Any CPU
		{ED923607-5009-42FA-80FB-D64A24186E36}.Debug|Any CPU.Build.0 = Debug|Any CPU
		{ED923607-5009-42FA-80FB-D64A24186E36}.Release|Any CPU.ActiveCfg = Release|Any CPU
		{ED923607-5009-42FA-80FB-D64A24186E36}.Release|Any CPU.Build.0 = Release|Any CPU
	EndGlobalSection
	GlobalSection(SolutionProperties) = preSolution
		HideSolutionNode = FALSE
	EndGlobalSection
	GlobalSection(ExtensibilityGlobals) = postSolution
		SolutionGuid = {8BE1465C-551A-444A-A51E-B6DE3382AF3B}
	EndGlobalSection
EndGlobal
